<?xml version="1.0" encoding="utf-8"?>
<Project ToolsVersion="4.0" xmlns="http://schemas.microsoft.com/developer/msbuild/2003">
  <ItemGroup>
    <Filter Include="Source Files">
      <UniqueIdentifier>{4FC737F1-C7A5-4376-A066-2A32D752A2FF}</UniqueIdentifier>
      <Extensions>cpp;c;cc;cxx;def;odl;idl;hpj;bat;asm;asmx</Extensions>
    </Filter>
    <Filter Include="Header Files">
      <UniqueIdentifier>{93995380-89BD-4b04-88EB-625FBE52EBFB}</UniqueIdentifier>
      <Extensions>h;hh;hpp;hxx;hm;inl;inc;xsd</Extensions>
    </Filter>
    <Filter Include="Resource Files">
      <UniqueIdentifier>{67DA6AB6-F800-4c08-8B7A-83BB121AAD01}</UniqueIdentifier>
      <Extensions>rc;ico;cur;bmp;dlg;rc2;rct;bin;rgs;gif;jpg;jpeg;jpe;resx;tiff;tif;png;wav;mfcribbon-ms</Extensions>
    </Filter>
  </ItemGroup>
  <ItemGroup>
    <ClCompile Include="Main.cpp">
      <Filter>Source Files</Filter>
    </ClCompile>
    <ClCompile Include="Hand.cpp">
      <Filter>Source Files</Filter>
    </ClCompile>
    <ClCompile Include="Card.cpp">
      <Filter>Source Files</Filter>
    </ClCompile>
    <ClCompile Include="DeckOfCards.cpp">
      <Filter>Source Files</Filter>
    </ClCompile>
    <ClCompile Include="Bet.cpp">
      <Filter>Source Files</Filter>
    </ClCompile>
    <ClCompile Include="MainBet.cpp">
      <Filter>Source Files</Filter>
    </ClCompile>
    <ClCompile Include="SideBet.cpp">
      <Filter>Source Files</Filter>
    </ClCompile>
    <ClCompile Include="JacksOrBetterBet.cpp">
      <Filter>Source Files</Filter>
    </ClCompile>
    <ClCompile Include="UltTexBlindBet.cpp">
      <Filter>Source Files</Filter>
    </ClCompile>
    <ClCompile Include="UltTexTripsBet.cpp">
      <Filter>Source Files</Filter>
    </ClCompile>
    <ClCompile Include="UltTexBadBeatBet.cpp">
      <Filter>Source Files</Filter>
    </ClCompile>
    <ClCompile Include="OmahaHand.cpp">
      <Filter>Source Files</Filter>
    </ClCompile>
    <ClCompile Include="FourCards.cpp">
      <Filter>Source Files</Filter>
    </ClCompile>
    <ClCompile Include="OmahaFourCardBet.cpp">
      <Filter>Source Files</Filter>
    </ClCompile>
    <ClCompile Include="UltAnteBet.cpp">
      <Filter>Source Files</Filter>
    </ClCompile>
    <ClCompile Include="UltPlayBet.cpp">
      <Filter>Source Files</Filter>
    </ClCompile>
  </ItemGroup>
  <ItemGroup>
    <ClInclude Include="Hand.h">
      <Filter>Header Files</Filter>
    </ClInclude>
    <ClInclude Include="Card.h">
      <Filter>Header Files</Filter>
    </ClInclude>
    <ClInclude Include="DeckOfCards.h">
      <Filter>Header Files</Filter>
    </ClInclude>
    <ClInclude Include="Bet.h">
      <Filter>Header Files</Filter>
    </ClInclude>
    <ClInclude Include="MainBet.h">
      <Filter>Header Files</Filter>
    </ClInclude>
    <ClInclude Include="SideBet.h">
      <Filter>Header Files</Filter>
    </ClInclude>
    <ClInclude Include="JacksOrBetterBet.h">
      <Filter>Header Files</Filter>
    </ClInclude>
    <ClInclude Include="UltTexBlindBet.h">
      <Filter>Header Files</Filter>
    </ClInclude>
    <ClInclude Include="UltTexTripsBet.h">
      <Filter>Header Files</Filter>
    </ClInclude>
    <ClInclude Include="UltTexBadBeatBet.h">
      <Filter>Header Files</Filter>
    </ClInclude>
    <ClInclude Include="OmahaHand.h">
      <Filter>Header Files</Filter>
    </ClInclude>
    <ClInclude Include="FourCards.h">
      <Filter>Header Files</Filter>
    </ClInclude>
    <ClInclude Include="OmahaFourCardBet.h">
      <Filter>Header Files</Filter>
    </ClInclude>
    <ClInclude Include="UltAnteBet.h">
      <Filter>Header Files</Filter>
    </ClInclude>
    <ClInclude Include="UltPlayBet.h">
      <Filter>Header Files</Filter>
    </ClInclude>
  </ItemGroup>
</Project>